{
  "version": 4,
  "terraform_version": "1.15.8",
  "serial": 5,
  "lineage": "7e3da591-64ec-d9fc-4d95-355d5510caa6",
  "outputs": {},
  "resources": [
    {
      "mode": "managed",
      "type": "helm_release",
      "name": "argocd",
      "provider": "provider[\"registry.terraform.io/hashicorp/helm\"]",
      "instances": [
        {
          "schema_version": 2,
          "attributes": {
            "atomic": false,
            "chart": "argo-cd",
            "cleanup_on_fail": false,
            "create_namespace": true,
            "dependency_update": false,
            "description": null,
            "devel": null,
            "disable_crd_hooks": false,
            "disable_openapi_validation": false,
            "disable_webhooks": false,
            "force_update": false,
            "id": "argocd",
            "keyring": null,
            "lint": false,
            "manifest": null,
            "max_history": 0,
            "metadata": {
              "app_version": "v3.4.5",
              "chart": "argo-cd",
              "first_deployed": 1784610486,
              "last_deployed": 1784610486,
              "name": "argocd",
              "namespace": "argocd",
              "notes": "\nIn order to access the server UI you have the following options:\n\n1. kubectl port-forward service/argocd-server -n argocd 8080:443\n\n    and then open the browser on http://localhost:8080 and accept the certificate\n\n2. enable ingress in the values file `server.ingress.enabled` and either\n      - Add the annotation for ssl passthrough: https://argo-cd.readthedocs.io/en/stable/operator-manual/ingress/#option-1-ssl-passthrough\n      - Set the `configs.params.\"server.insecure\"` in the values file and terminate SSL at your ingress: https://argo-cd.readthedocs.io/en/stable/operator-manual/ingress/#option-2-multiple-ingress-objects-and-hosts\n\n\nAfter reaching the UI the first time you can login with username: admin and the random password generated during the installation. You can find the password by running:\n\nkubectl -n argocd get secret argocd-initial-admin-secret -o jsonpath=\"{.data.password}\" | base64 -d\n\n(You should delete the initial secret afterwards as suggested by the Getting Started Guide: https://argo-cd.readthedocs.io/en/stable/getting_started/#4-login-using-the-cli)\n",
              "revision": 1,
              "values": "{\"server\":{\"service\":{\"type\":\"ClusterIP\"}}}",
              "version": "10.1.4"
            },
            "name": "argocd",
            "namespace": "argocd",
            "pass_credentials": false,
            "postrender": null,
            "recreate_pods": false,
            "render_subchart_notes": true,
            "replace": false,
            "repository": "https://argoproj.github.io/argo-helm",
            "repository_ca_file": null,
            "repository_cert_file": null,
            "repository_key_file": null,
            "repository_password": null,
            "repository_username": null,
            "reset_values": false,
            "resources": null,
            "reuse_values": false,
            "set": null,
            "set_list": null,
            "set_sensitive": null,
            "set_wo": null,
            "set_wo_revision": null,
            "skip_crds": false,
            "status": "deployed",
            "take_ownership": false,
            "timeout": 300,
            "timeouts": null,
            "upgrade_install": false,
            "values": [
              "    server:\r\n      service:\r\n        type: ClusterIP\r\n"
            ],
            "verify": false,
            "version": "10.1.4",
            "wait": true,
            "wait_for_jobs": false
          },
          "sensitive_attributes": [
            [
              {
                "type": "get_attr",
                "value": "repository_password"
              }
            ]
          ],
          "identity_schema_version": 0,
          "identity": {
            "namespace": "argocd",
            "release_name": "argocd"
          }
        }
      ]
    },
    {
      "mode": "managed",
      "type": "minikube_cluster",
      "name": "minikube_docker",
      "provider": "provider[\"registry.terraform.io/scott-the-programmer/minikube\"]",
      "instances": [
        {
          "schema_version": 0,
          "attributes": {
            "addons": [
              "default-storageclass",
              "storage-provisioner"
            ],
            "apiserver_ips": [],
            "apiserver_name": "minikubeCA",
            "apiserver_names": [],
            "apiserver_port": 8443,
            "auto_pause_interval": 1,
            "auto_update_drivers": true,
            "base_image": "gcr.io/k8s-minikube/kicbase:v0.0.48@sha256:7171c97a51623558720f8e5878e4f4637da093e2f2ed589997bedc6c1549b2b1",
            "binary_mirror": null,
            "cache_images": true,
            "cert_expiration": 1576800,
            "client_certificate": "-----BEGIN CERTIFICATE-----\nMIIDITCCAgmgAwIBAgIBAjANBgkqhkiG9w0BAQsFADAVMRMwEQYDVQQDEwptaW5p\na3ViZUNBMB4XDTI2MDcyMDAzMjkxNVoXDTI5MDcyMDAzMjkxNVowMTEXMBUGA1UE\nChMOc3lzdGVtOm1hc3RlcnMxFjAUBgNVBAMTDW1pbmlrdWJlLXVzZXIwggEiMA0G\nCSqGSIb3DQEBAQUAA4IBDwAwggEKAoIBAQDQECrmXHpqh4O9kuICysACDQEyrfEr\nQCBoqtFt1eDfKfhwST0P6zLFAqWBmBUUA0hSDVjF/UhJa85KSZjrb9xTfxv47WlE\ngMaiMTuwOFpRxjJUTHcpgx+AkS+AOvfjT2rcpwYg4aSvtaQuRAHDPfAyLZ+QG+PR\nGVgtL7YLUtBoFNd0gCPfSTCdG8mg2lrbaxaCibz5Wn7NiGRCvU7XH+zrjVu7Nt34\n3N46HDBNDRjSiCNNrAOZVcqjwZgc0hxe7zTfq81Q33/A36h6erLtWgHnjaZLKT6a\nJ1YGFm2cZj+tYRvb1dUnK9usN/eQUUQB4wL1MhSi0eF46RudvX4XHCsrAgMBAAGj\nYDBeMA4GA1UdDwEB/wQEAwIFoDAdBgNVHSUEFjAUBggrBgEFBQcDAQYIKwYBBQUH\nAwIwDAYDVR0TAQH/BAIwADAfBgNVHSMEGDAWgBSZrUob3qNO1akKALEpm8/Yh+bn\nXTANBgkqhkiG9w0BAQsFAAOCAQEAWXRAZ2uj+ad0/iwOu7wR2pdPcOdCrxEiwDsr\n2iNKr8/OxQEnkF2ZwBU/pe5lt36eo+uFV276DhMH5VYgFEu3wO0pDpBajSHCA6fI\nQtufJoXIc5zLCFHQaTB0V6gLXzGYD8DLEBY7KnkBG3UmVfhIC8FxKibss/TgyCWT\n1CoiWXJHesIULudWSOG51956oYcCyi3JvgxXKqMtW5LkUYJ6847D0pcE7cylsrY5\nAV5t7PSUPZ7KhWYrzs/G8ROB2qC1A8RyxaJKMnf6qSfFkUt22sk3T5w/lVZHOjrq\nqFWJAVMbmIjam4WTYZwshsaPvlBOciUHOnn89n6tl6Kn3g+5Fw==\n-----END CERTIFICATE-----\n",
            "client_key": "-----BEGIN RSA PRIVATE KEY-----\nMIIEpAIBAAKCAQEA0BAq5lx6aoeDvZLiAsrAAg0BMq3xK0AgaKrRbdXg3yn4cEk9\nD+syxQKlgZgVFANIUg1Yxf1ISWvOSkmY62/cU38b+O1pRIDGojE7sDhaUcYyVEx3\nKYMfgJEvgDr3409q3KcGIOGkr7WkLkQBwz3wMi2fkBvj0RlYLS+2C1LQaBTXdIAj\n30kwnRvJoNpa22sWgom8+Vp+zYhkQr1O1x/s641buzbd+NzeOhwwTQ0Y0ogjTawD\nmVXKo8GYHNIcXu8036vNUN9/wN+oenqy7VoB542mSyk+midWBhZtnGY/rWEb29XV\nJyvbrDf3kFFEAeMC9TIUotHheOkbnb1+FxwrKwIDAQABAoIBAC650siVMDDIaj+i\nwvsZiXFsdj5pbeXmquCWrB3ckHnNtSuSZxIyId64r26hNuqdqhozQSKFtTw358Yr\nLRqCrppZy3Bl8OQff3xhTiRPI4mF1zuzSHecKPD4qhBELfNwnHEdWXT89702L77s\nKvEr8ctzD4iPmuQUqwbK1jlIyeD1lZAJ+7FSlS6Bewt6DJdQ6FJPHQFEmI17M8l/\nejxgLESuuPLLFLvBqdtwhRBbNIzfIH/5aiev2c0hJRZE5k3douYkx59LaeUsCnlK\n/KuooUp8NwspeIfUGNQh6QbsAWTXGrdekJ7YXs01MCOPPQpQr7JXAfnjt0M/G9CH\nznfdo6ECgYEA7dww9V/J7uCfhEsN1HpeGGWxTUQO21apnvh8aNom0exgjkDgx4yb\ntILuLXp+AveBzblxiXhu6a8ewA421es1u48+mHq0jWZ7c2NNROImdOX6hmm1Zt6G\nT/dqQsxxe+kK3gZaIVpA0Ssazc4E4s6Y5vF9rkRsBEDlIh6MVV39nJkCgYEA3+49\n7olEfgD4XXX+MzawQYJmRrjZyF9SzJVNdhRyiW6DFOeaUFRHd1d5JJX0Z7V1xOEc\nI+gGRAw0mWFmj/qqZc1jZoL5JTO1gvTIO/BSq0BxqtUGRJg9RuWcUZ7abNp83PpM\n+65tXEv1hFUKy42RP9PcHxvR/3e0ZcLlD9Iy/GMCgYAfT5P2SPS5CEKXVJXueWk3\nhvNu+12FTAQqFAW0e7sOeTJAp5OvUPgSLAYUYIKD+3bP0PB8KylWg6HloDlhsYOy\nO+n+gnCQCISJrPG39pkfXEK9PN8POo2tqyEGyAjMSeIPVgC5UTslDaqKmusTvCRu\nii2EKieZ67z9382TUzsWSQKBgQCd99sIox0GJnkOtWYVisbb77lmupAnodcvK0Px\nwIrsGGGwJZHeiRXBQpvbC03Wu1PRB1xqmAuThWi1qthHSXVbS4CLmGlZrRimwTdf\n0TEATf3hnVVGnn7bvK6BhaZgk+DxokEcavgK3Crep39uCPgmJrZp255QsYk5IDum\n5YnCMQKBgQCU7t1QLlIxqG3gvQXTa7ZswoDPFF2UPNjfinHbXNSEKD6ZUgrHG1sb\nOgG8kXJcKezKggq3k6q9ZLqnl9+GWveNNl9xNPGNfQAXhzQkm+NWInujsWvQDjbz\n4QJHaQ70oruXSmzx7LoNEIn8unmnjbnu79WNimXW2VtLAtaVVIzLtg==\n-----END RSA PRIVATE KEY-----\n",
            "cluster_ca_certificate": "-----BEGIN CERTIFICATE-----\nMIIDBjCCAe6gAwIBAgIBATANBgkqhkiG9w0BAQsFADAVMRMwEQYDVQQDEwptaW5p\na3ViZUNBMB4XDTI1MDYzMDAyMzQxOVoXDTM1MDYyOTAyMzQxOVowFTETMBEGA1UE\nAxMKbWluaWt1YmVDQTCCASIwDQYJKoZIhvcNAQEBBQADggEPADCCAQoCggEBAK4v\nu6bXbD8It+cKqUdK/eT1nJJ6QaTs7IY1rTggSk2HBpL7bCXUItrqVGx+kQ7mAWou\npwEt2nN8+lvQDTkdC30ix7vOyfeKVQmyHP5g48MZoNNGXb3SUj+4gTtQrb0F1tMD\ntM5+VsqhJEQXk5MlLNH6nNGuReBgYLAbP3105sNmS0SenxJC8GA1maLsmRmdieER\nevWUtbtngQRVOlfUxfgOSnONsBQuLJEh0vzaeLL5Ykctt+qdJAYLjSPeyz/85kRo\nAPed33oTaxON+/egGRgSQXNVbtSWVhl0oC14+PrhfjzauZpoNxub0huELrY4SDC/\n59HQ+oTg8OW1CcECbZ8CAwEAAaNhMF8wDgYDVR0PAQH/BAQDAgKkMB0GA1UdJQQW\nMBQGCCsGAQUFBwMCBggrBgEFBQcDATAPBgNVHRMBAf8EBTADAQH/MB0GA1UdDgQW\nBBSZrUob3qNO1akKALEpm8/Yh+bnXTANBgkqhkiG9w0BAQsFAAOCAQEAK/QJsexr\nP5iTR3r/BChwPA/NshKovRnYgOXMD4YEpbF/Pz6aRvvEBNvGorjd8d2S3SAjK/Vc\nmeaGC14fvqrbF9V2MQw5vDk0moHBvBgFATLstov4mZkECL0LrnhrXR+QFGvYqYSe\nRunv36EpX/2I15cvKiNDgb1LkRdqGKVHiQIkJqnHMMNNJBuaWRrLKJ4sVCkyHAtR\nwQ3ki6MG2luWUWmfAWdWOHscvRxMgT8J4BczMvBUbt/9hBPJLCU1aMHmMHEcMUhy\nORIIw5l8n6hfbDeFYQDL+x/iMf1jnTnMnmdBElP5ns17/jQYH3RpATOb+TrDnVhC\nelPlAzCw3xaJTA==\n-----END CERTIFICATE-----\n",
            "cluster_name": "devops-pipeline",
            "cni": "",
            "container_runtime": "docker",
            "cpus": "2",
            "cri_socket": "",
            "delete_on_failure": false,
            "disable_coredns_log": false,
            "disable_driver_mounts": false,
            "disable_metrics": false,
            "disable_optimizations": false,
            "disk_size": "20000mb",
            "dns_domain": "cluster.local",
            "dns_proxy": false,
            "docker_env": null,
            "docker_opt": null,
            "download_only": false,
            "driver": "docker",
            "dry_run": false,
            "embed_certs": false,
            "extra_config": [],
            "extra_disks": 0,
            "feature_gates": "",
            "force": false,
            "force_systemd": false,
            "gpus": null,
            "ha": false,
            "host": "https://127.0.0.1:53336",
            "host_dns_resolver": true,
            "host_only_cidr": "192.168.59.1/24",
            "host_only_nic_type": "virtio",
            "hyperkit_vpnkit_sock": "",
            "hyperkit_vsock_ports": [],
            "hyperv_external_adapter": "",
            "hyperv_use_external_switch": false,
            "hyperv_virtual_switch": "",
            "id": "devops-pipeline",
            "image_mirror_country": null,
            "image_repository": "",
            "insecure_registry": [],
            "install_addons": true,
            "interactive": true,
            "iso_url": [
              "https://github.com/kubernetes/minikube/releases/download/v1.37.0/minikube-v1.37.0-amd64.iso"
            ],
            "keep_context": false,
            "kubernetes_version": null,
            "kvm_gpu": false,
            "kvm_hidden": false,
            "kvm_network": "default",
            "kvm_numa_count": 1,
            "kvm_qemu_uri": "qemu:///system",
            "listen_address": "",
            "memory": "4096mb",
            "mount": false,
            "mount_9p_version": "9p2000.L",
            "mount_gid": "docker",
            "mount_ip": null,
            "mount_msize": 262144,
            "mount_options": null,
            "mount_port": 0,
            "mount_string": "C:\\Users\\José:/minikube-host",
            "mount_type": "9p",
            "mount_uid": "docker",
            "namespace": "default",
            "nat_nic_type": "virtio",
            "native_ssh": true,
            "network": "",
            "nfs_share": [],
            "nfs_shares_root": "/nfsshares",
            "no_kubernetes": false,
            "no_vtx_check": false,
            "nodes": 1,
            "output": "text",
            "ports": [],
            "preload": true,
            "qemu_firmware_path": null,
            "registry_mirror": [],
            "service_cluster_ip_range": "10.96.0.0/12",
            "socket_vmnet_client_path": "/usr/local/opt/socket_vmnet/bin/socket_vmnet_client",
            "socket_vmnet_path": "/usr/local/var/run/socket_vmnet",
            "ssh_ip_address": "",
            "ssh_key": "",
            "ssh_port": 22,
            "ssh_user": "root",
            "static_ip": null,
            "subnet": null,
            "trace": null,
            "uuid": "",
            "vm": false,
            "wait": null,
            "wait_timeout": 6
          },
          "sensitive_attributes": [
            [
              {
                "type": "get_attr",
                "value": "client_certificate"
              }
            ],
            [
              {
                "type": "get_attr",
                "value": "client_key"
              }
            ],
            [
              {
                "type": "get_attr",
                "value": "cluster_ca_certificate"
              }
            ]
          ],
          "identity_schema_version": 0,
          "private": "bnVsbA=="
        }
      ]
    }
  ],
  "check_results": null
}
